
Microsoft Visual Studio Solution File, Format Version 12.00
# Visual Studio Version 17
VisualStudioVersion = 17.10.35013.160
MinimumVisualStudioVersion = 10.0.40219.1
Project("{FAE04EC0-301F-11D3-BF4B-00C04F79EFBC}") = "BethanysPieShop", "BethanysPieShop.csproj", "{B9AB244C-D79D-4BAD-858C-8326A7A82FF0}"
EndProject
Global
	GlobalSection(SolutionConfigurationPlatforms) = preSolution
		Debug|Any CPU = Debug|Any CPU
		Release|Any CPU = Release|Any CPU
	EndGlobalSection
	GlobalSection(ProjectConfigurationPlatforms) = postSolution
		{B9AB244C-D79D-4BAD-858C-8326A7A82FF0}.Debug|Any CPU.ActiveCfg = Debug|Any CPU
		{B9AB244C-D79D-4BAD-858C-8326A7A82FF0}.Debug|Any CPU.Build.0 = Debug|Any CPU
		{B9AB244C-D79D-4BAD-858C-8326A7A82FF0}.Release|Any CPU.ActiveCfg = Release|Any CPU
		{B9AB244C-D79D-4BAD-858C-8326A7A82FF0}.Release|Any CPU.Build.0 = Release|Any CPU
	EndGlobalSection
	GlobalSection(SolutionProperties) = preSolution
		HideSolutionNode = FALSE
	EndGlobalSection
	GlobalSection(ExtensibilityGlobals) = postSolution
		SolutionGuid = {29653B4C-D24A-4375-94EF-7AB2F64C5962}
	EndGlobalSection
EndGlobal
